# THIS IS AN AUTOGENERATED FILE. DO NOT EDIT THIS FILE DIRECTLY.
# yarn lockfile v1


"@types/chai-as-promised@^7.1.2":
  version "7.1.2"
  resolved "https://registry.yarnpkg.com/@types/chai-as-promised/-/chai-as-promised-7.1.2.tgz#2f564420e81eaf8650169e5a3a6b93e096e5068b"
  integrity sha512-PO2gcfR3Oxa+u0QvECLe1xKXOqYTzCmWf0FhLhjREoW3fPAVamjihL7v1MOVLJLsnAMdLcjkfrs01yvDMwVK4Q==
  dependencies:
    "@types/chai" "*"

"@types/chai@*", "@types/chai@^4.2.11":
  version "4.2.11"
  resolved "https://registry.yarnpkg.com/@types/chai/-/chai-4.2.11.tgz#d3614d6c5f500142358e6ed24e1bf16657536c50"
  integrity sha512-t7uW6eFafjO+qJ3BIV2gGUyZs27egcNRkUdalkud+Qa3+kg//f129iuOFivHDXQ+vnU3fDXuwgv0cqMCbcE8sw==

"@types/lodash-es@^4.17.3":
  version "4.17.3"
  resolved "https://registry.yarnpkg.com/@types/lodash-es/-/lodash-es-4.17.3.tgz#87eb0b3673b076b8ee655f1890260a136af09a2d"
  integrity sha512-iHI0i7ZAL1qepz1Y7f3EKg/zUMDwDfTzitx+AlHhJJvXwenP682ZyGbgPSc5Ej3eEAKVbNWKFuwOadCj5vBbYQ==
  dependencies:
    "@types/lodash" "*"

"@types/lodash@*":
  version "4.14.154"
  resolved "https://registry.yarnpkg.com/@types/lodash/-/lodash-4.14.154.tgz#069e3c703fdb264e67be9e03b20a640bc0198ecc"
  integrity sha512-VoDZIJmg3P8vPEnTldLvgA+q7RkIbVkbYX4k0cAVFzGAOQwUehVgRHgIr2/wepwivDst/rVRqaiBSjCXRnoWwQ==

"@types/mocha@^7.0.2":
  version "7.0.2"
  resolved "https://registry.yarnpkg.com/@types/mocha/-/mocha-7.0.2.tgz#b17f16cf933597e10d6d78eae3251e692ce8b0ce"
  integrity sha512-ZvO2tAcjmMi8V/5Z3JsyofMe3hasRcaw88cto5etSVMwVQfeivGAlEYmaQgceUSVYFofVjT+ioHsATjdWcFt1w==

"@types/webpack-env@^1.15.2":
  version "1.15.2"
  resolved "https://registry.yarnpkg.com/@types/webpack-env/-/webpack-env-1.15.2.tgz#927997342bb9f4a5185a86e6579a0a18afc33b0a"
  integrity sha512-67ZgZpAlhIICIdfQrB5fnDvaKFcDxpKibxznfYRVAT4mQE41Dido/3Ty+E3xGBmTogc5+0Qb8tWhna+5B8z1iQ==

lodash-es@^4.17.15:
  version "4.17.15"
  resolved "https://registry.yarnpkg.com/lodash-es/-/lodash-es-4.17.15.tgz#21bd96839354412f23d7a10340e5eac6ee455d78"
  integrity sha512-rlrc3yU3+JNOpZ9zj5pQtxnx2THmvRykwL4Xlxoa8I9lHBlVbbyPhgyPMioxVZ4NqyxaVVtaJnzsyOidQIhyyQ==

typescript@^3.9.3:
  version "3.9.3"
  resolved "https://registry.yarnpkg.com/typescript/-/typescript-3.9.3.tgz#d3ac8883a97c26139e42df5e93eeece33d610b8a"
  integrity sha512-D/wqnB2xzNFIcoBG9FG8cXRDjiqSTbG2wd8DMZeQyJlP1vfTkIxH4GKveWaEBYySKIg+USu+E+EDIR47SqnaMQ==
